{
  "name": "github-com-natea-ai-news-influencer",
  "lockfileVersion": 3,
  "requires": true,
  "packages": {
    "": {
      "dependencies": {
        "@axe-core/playwright": "^4.11.0"
      }
    },
    "node_modules/@axe-core/playwright": {
      "version": "4.11.0",
      "resolved": "https://registry.npmjs.org/@axe-core/playwright/-/playwright-4.11.0.tgz",
      "integrity": "sha512-70vBT/Ylqpm65RQz2iCG2o0JJCEG/WCNyefTr2xcOcr1CoSee60gNQYUMZZ7YukoKkFLv26I/jjlsvwwp532oQ==",
      "license": "MPL-2.0",
      "dependencies": {
        "axe-core": "~4.11.0"
      },
      "peerDependencies": {
        "playwright-core": ">= 1.0.0"
      }
    },
    "node_modules/axe-core": {
      "version": "4.11.0",
      "resolved": "https://registry.npmjs.org/axe-core/-/axe-core-4.11.0.tgz",
      "integrity": "sha512-ilYanEU8vxxBexpJd8cWM4ElSQq4QctCLKih0TSfjIfCQTeyH/6zVrmIJfLPrKTKJRbiG+cfnZbQIjAlJmF1jQ==",
      "license": "MPL-2.0",
      "engines": {
        "node": ">=4"
      }
    },
    "node_modules/playwright-core": {
      "version": "1.57.0",
      "resolved": "https://registry.npmjs.org/playwright-core/-/playwright-core-1.57.0.tgz",
      "integrity": "sha512-agTcKlMw/mjBWOnD6kFZttAAGHgi/Nw0CZ2o6JqWSbMlI219lAFLZZCyqByTsvVAJq5XA5H8cA6PrvBRpBWEuQ==",
      "license": "Apache-2.0",
      "peer": true,
      "bin": {
        "playwright-core": "cli.js"
      },
      "engines": {
        "node": ">=18"
      }
    }
  }
}
